
Microsoft Visual Studio Solution File, Format Version 12.00
# Visual Studio Version 16
VisualStudioVersion = 16.0.30406.217
MinimumVisualStudioVersion = 10.0.40219.1
Project("{FAE04EC0-301F-11D3-BF4B-00C04F79EFBC}") = "MegaCallCenter", "MegaCallCenter.csproj", "{DEAFCC6F-1472-4C57-BE1B-675AB5144BB7}"
EndProject
Global
	GlobalSection(SolutionConfigurationPlatforms) = preSolution
		Debug|Any CPU = Debug|Any CPU
		Release|Any CPU = Release|Any CPU
	EndGlobalSection
	GlobalSection(ProjectConfigurationPlatforms) = postSolution
		{DEAFCC6F-1472-4C57-BE1B-675AB5144BB7}.Debug|Any CPU.ActiveCfg = Debug|Any CPU
		{DEAFCC6F-1472-4C57-BE1B-675AB5144BB7}.Debug|Any CPU.Build.0 = Debug|Any CPU
		{DEAFCC6F-1472-4C57-BE1B-675AB5144BB7}.Release|Any CPU.ActiveCfg = Release|Any CPU
		{DEAFCC6F-1472-4C57-BE1B-675AB5144BB7}.Release|Any CPU.Build.0 = Release|Any CPU
	EndGlobalSection
	GlobalSection(SolutionProperties) = preSolution
		HideSolutionNode = FALSE
	EndGlobalSection
	GlobalSection(ExtensibilityGlobals) = postSolution
		SolutionGuid = {BBB52ADF-D48D-4B84-AA45-C9B279878476}
	EndGlobalSection
EndGlobal
